Microsoft Visual Studio Solution File, Format Version 12.00
# Visual Studio Version 17
VisualStudioVersion = 17.5.2.0
MinimumVisualStudioVersion = 10.0.40219.1
Project("{FAE04EC0-301F-11D3-BF4B-00C04F79EFBC}") = "greptile_estimate_code_review_effort-", "greptile_estimate_code_review_effort-.csproj", "{CEE01BF7-1F8C-677C-7017-2A894BD04D43}"
EndProject
Global
	GlobalSection(SolutionConfigurationPlatforms) = preSolution
		Debug|Any CPU = Debug|Any CPU
		Release|Any CPU = Release|Any CPU
	EndGlobalSection
	GlobalSection(ProjectConfigurationPlatforms) = postSolution
		{CEE01BF7-1F8C-677C-7017-2A894BD04D43}.Debug|Any CPU.ActiveCfg = Debug|Any CPU
		{CEE01BF7-1F8C-677C-7017-2A894BD04D43}.Debug|Any CPU.Build.0 = Debug|Any CPU
		{CEE01BF7-1F8C-677C-7017-2A894BD04D43}.Release|Any CPU.ActiveCfg = Release|Any CPU
		{CEE01BF7-1F8C-677C-7017-2A894BD04D43}.Release|Any CPU.Build.0 = Release|Any CPU
	EndGlobalSection
	GlobalSection(SolutionProperties) = preSolution
		HideSolutionNode = FALSE
	EndGlobalSection
	GlobalSection(ExtensibilityGlobals) = postSolution
		SolutionGuid = {DC21AB6F-17C0-460E-99F3-EBE1CA08A4CB}
	EndGlobalSection
EndGlobal
